
Microsoft Visual Studio Solution File, Format Version 12.00
# Visual Studio Version 16
VisualStudioVersion = 16.0.30503.244
MinimumVisualStudioVersion = 10.0.40219.1
Project("{FAE04EC0-301F-11D3-BF4B-00C04F79EFBC}") = "Mario Data Conversion Tool", "Mario Data Conversion Tool\Mario Data Conversion Tool.csproj", "{2C15A382-0B4C-4D28-A196-C2EE273D6C0C}"
EndProject
Global
	GlobalSection(SolutionConfigurationPlatforms) = preSolution
		Debug|Any CPU = Debug|Any CPU
		Release|Any CPU = Release|Any CPU
	EndGlobalSection
	GlobalSection(ProjectConfigurationPlatforms) = postSolution
		{2C15A382-0B4C-4D28-A196-C2EE273D6C0C}.Debug|Any CPU.ActiveCfg = Debug|Any CPU
		{2C15A382-0B4C-4D28-A196-C2EE273D6C0C}.Debug|Any CPU.Build.0 = Debug|Any CPU
		{2C15A382-0B4C-4D28-A196-C2EE273D6C0C}.Release|Any CPU.ActiveCfg = Release|Any CPU
		{2C15A382-0B4C-4D28-A196-C2EE273D6C0C}.Release|Any CPU.Build.0 = Release|Any CPU
	EndGlobalSection
	GlobalSection(SolutionProperties) = preSolution
		HideSolutionNode = FALSE
	EndGlobalSection
	GlobalSection(ExtensibilityGlobals) = postSolution
		SolutionGuid = {C7B955AC-09F2-48B3-AB4E-CE257BEDAA14}
	EndGlobalSection
EndGlobal
